
Microsoft Visual Studio Solution File, Format Version 12.00
# Visual Studio 2017
Project("{FAE04EC0-301F-11D3-BF4B-00C04F79EFBC}") = "Simon Spins", "Simon Spins.csproj", "{53379720-3AAA-8D96-FADB-4FC6AA560833}"
EndProject
Project("{FAE04EC0-301F-11D3-BF4B-00C04F79EFBC}") = "Simon Spins.Editor", "Simon Spins.Editor.csproj", "{D5BFC7C7-9322-38B9-4184-FBD1FDAF142E}"
EndProject
Global
	GlobalSection(SolutionConfigurationPlatforms) = preSolution
		Debug|Any CPU = Debug|Any CPU
		Release|Any CPU = Release|Any CPU
	EndGlobalSection
	GlobalSection(ProjectConfigurationPlatforms) = postSolution
		{53379720-3AAA-8D96-FADB-4FC6AA560833}.Debug|Any CPU.ActiveCfg = Debug|Any CPU
		{53379720-3AAA-8D96-FADB-4FC6AA560833}.Debug|Any CPU.Build.0 = Debug|Any CPU
		{53379720-3AAA-8D96-FADB-4FC6AA560833}.Release|Any CPU.ActiveCfg = Release|Any CPU
		{53379720-3AAA-8D96-FADB-4FC6AA560833}.Release|Any CPU.Build.0 = Release|Any CPU
		{D5BFC7C7-9322-38B9-4184-FBD1FDAF142E}.Debug|Any CPU.ActiveCfg = Debug|Any CPU
		{D5BFC7C7-9322-38B9-4184-FBD1FDAF142E}.Debug|Any CPU.Build.0 = Debug|Any CPU
		{D5BFC7C7-9322-38B9-4184-FBD1FDAF142E}.Release|Any CPU.ActiveCfg = Release|Any CPU
		{D5BFC7C7-9322-38B9-4184-FBD1FDAF142E}.Release|Any CPU.Build.0 = Release|Any CPU
	EndGlobalSection
	GlobalSection(SolutionProperties) = preSolution
		HideSolutionNode = FALSE
	EndGlobalSection
EndGlobal
